Microsoft Visual Studio Solution File, Format Version 12.00
# Visual Studio Version 17
VisualStudioVersion = 17.5.2.0
MinimumVisualStudioVersion = 10.0.40219.1
Project("{FAE04EC0-301F-11D3-BF4B-00C04F79EFBC}") = "AdvancedBankingSystem", "AdvancedBankingSystem.csproj", "{EE1782EE-E02B-DE2E-E9DD-A7E15A427216}"
EndProject
Global
	GlobalSection(SolutionConfigurationPlatforms) = preSolution
		Debug|Any CPU = Debug|Any CPU
		Release|Any CPU = Release|Any CPU
	EndGlobalSection
	GlobalSection(ProjectConfigurationPlatforms) = postSolution
		{EE1782EE-E02B-DE2E-E9DD-A7E15A427216}.Debug|Any CPU.ActiveCfg = Debug|Any CPU
		{EE1782EE-E02B-DE2E-E9DD-A7E15A427216}.Debug|Any CPU.Build.0 = Debug|Any CPU
		{EE1782EE-E02B-DE2E-E9DD-A7E15A427216}.Release|Any CPU.ActiveCfg = Release|Any CPU
		{EE1782EE-E02B-DE2E-E9DD-A7E15A427216}.Release|Any CPU.Build.0 = Release|Any CPU
	EndGlobalSection
	GlobalSection(SolutionProperties) = preSolution
		HideSolutionNode = FALSE
	EndGlobalSection
	GlobalSection(ExtensibilityGlobals) = postSolution
		SolutionGuid = {848FE218-260E-470C-922B-10153081BC8F}
	EndGlobalSection
EndGlobal
